// !$*UTF8*$!
{
	archiveVersion = 1;
	classes = {
	};
	objectVersion = 77;
	objects = {

/* Begin PBXContainerItemProxy section */
		64B797902DF1FAF2003211C9 /* PBXContainerItemProxy */ = {
			isa = PBXContainerItemProxy;
			containerPortal = 64B797762DF1FAF1003211C9 /* Project object */;
			proxyType = 1;
			remoteGlobalIDString = 64B7977D2DF1FAF1003211C9;
			remoteInfo = "md Merger";
		};
		64B7979A2DF1FAF2003211C9 /* PBXContainerItemProxy */ = {
			isa = PBXContainerItemProxy;
			containerPortal = 64B797762DF1FAF1003211C9 /* Project object */;
			proxyType = 1;
			remoteGlobalIDString = 64B7977D2DF1FAF1003211C9;
			remoteInfo = "md Merger";
		};
/* End PBXContainerItemProxy section */

/* Begin PBXFileReference section */
		64B7977E2DF1FAF1003211C9 /* md Merger.app */ = {isa = PBXFileReference; explicitFileType = wrapper.application; includeInIndex = 0; path = "md Merger.app"; sourceTree = BUILT_PRODUCTS_DIR; };
		64B7978F2DF1FAF2003211C9 /* md MergerTests.xctest */ = {isa = PBXFileReference; explicitFileType = wrapper.cfbundle; includeInIndex = 0; path = "md MergerTests.xctest"; sourceTree = BUILT_PRODUCTS_DIR; };
		64B797992DF1FAF2003211C9 /* md MergerUITests.xctest */ = {isa = PBXFileReference; explicitFileType = wrapper.cfbundle; includeInIndex = 0; path = "md MergerUITests.xctest"; sourceTree = BUILT_PRODUCTS_DIR; };
/* End PBXFileReference section */

/* Begin PBXFileSystemSynchronizedBuildFileExceptionSet section */
		64B797A12DF1FAF2003211C9 /* Exceptions for "md Merger" folder in "md Merger" target */ = {
			isa = PBXFileSystemSynchronizedBuildFileExceptionSet;
			membershipExceptions = (
				Info.plist,
			);
			target = 64B7977D2DF1FAF1003211C9 /* md Merger */;
		};
/* End PBXFileSystemSynchronizedBuildFileExceptionSet section */

/* Begin PBXFileSystemSynchronizedRootGroup section */
		64B797802DF1FAF1003211C9 /* md Merger */ = {
			isa = PBXFileSystemSynchronizedRootGroup;
			exceptions = (
				64B797A12DF1FAF2003211C9 /* Exceptions for "md Merger" folder in "md Merger" target */,
			);
			path = "md Merger";
			sourceTree = "<group>";
		};
		64B797922DF1FAF2003211C9 /* md MergerTests */ = {
			isa = PBXFileSystemSynchronizedRootGroup;
			path = "md MergerTests";
			sourceTree = "<group>";
		};
		64B7979C2DF1FAF2003211C9 /* md MergerUITests */ = {
			isa = PBXFileSystemSynchronizedRootGroup;
			path = "md MergerUITests";
			sourceTree = "<group>";
		};
/* End PBXFileSystemSynchronizedRootGroup section */

/* Begin PBXFrameworksBuildPhase section */
		64B7977B2DF1FAF1003211C9 /* Frameworks */ = {
			isa = PBXFrameworksBuildPhase;
			buildActionMask = 2147483647;
			files = (
			);
			runOnlyForDeploymentPostprocessing = 0;
		};
		64B7978C2DF1FAF2003211C9 /* Frameworks */ = {
			isa = PBXFrameworksBuildPhase;
			buildActionMask = 2147483647;
			files = (
			);
			runOnlyForDeploymentPostprocessing = 0;
		};
		64B797962DF1FAF2003211C9 /* Frameworks */ = {
			isa = PBXFrameworksBuildPhase;
			buildActionMask = 2147483647;
			files = (
			);
			runOnlyForDeploymentPostprocessing = 0;
		};
/* End PBXFrameworksBuildPhase section */

/* Begin PBXGroup section */
		64B797752DF1FAF1003211C9 = {
			isa = PBXGroup;
			children = (
				64B797802DF1FAF1003211C9 /* md Merger */,
				64B797922DF1FAF2003211C9 /* md MergerTests */,
				64B7979C2DF1FAF2003211C9 /* md MergerUITests */,
				64B7977F2DF1FAF1003211C9 /* Products */,
			);
			sourceTree = "<group>";
		};
		64B7977F2DF1FAF1003211C9 /* Products */ = {
			isa = PBXGroup;
			children = (
				64B7977E2DF1FAF1003211C9 /* md Merger.app */,
				64B7978F2DF1FAF2003211C9 /* md MergerTests.xctest */,
				64B797992DF1FAF2003211C9 /* md MergerUITests.xctest */,
			);
			name = Products;
			sourceTree = "<group>";
		};
/* End PBXGroup section */

/* Begin PBXNativeTarget section */
		64B7977D2DF1FAF1003211C9 /* md Merger */ = {
			isa = PBXNativeTarget;
			buildConfigurationList = 64B797A22DF1FAF2003211C9 /* Build configuration list for PBXNativeTarget "md Merger" */;
			buildPhases = (
				64B7977A2DF1FAF1003211C9 /* Sources */,
				64B7977B2DF1FAF1003211C9 /* Frameworks */,
				64B7977C2DF1FAF1003211C9 /* Resources */,
			);
			buildRules = (
			);
			dependencies = (
			);
			fileSystemSynchronizedGroups = (
				64B797802DF1FAF1003211C9 /* md Merger */,
			);
			name = "md Merger";
			packageProductDependencies = (
			);
			productName = "md Merger";
			productReference = 64B7977E2DF1FAF1003211C9 /* md Merger.app */;
			productType = "com.apple.product-type.application";
		};
		64B7978E2DF1FAF2003211C9 /* md MergerTests */ = {
			isa = PBXNativeTarget;
			buildConfigurationList = 64B797A72DF1FAF2003211C9 /* Build configuration list for PBXNativeTarget "md MergerTests" */;
			buildPhases = (
				64B7978B2DF1FAF2003211C9 /* Sources */,
				64B7978C2DF1FAF2003211C9 /* Frameworks */,
				64B7978D2DF1FAF2003211C9 /* Resources */,
			);
			buildRules = (
			);
			dependencies = (
				64B797912DF1FAF2003211C9 /* PBXTargetDependency */,
			);
			fileSystemSynchronizedGroups = (
				64B797922DF1FAF2003211C9 /* md MergerTests */,
			);
			name = "md MergerTests";
			packageProductDependencies = (
			);
			productName = "md MergerTests";
			productReference = 64B7978F2DF1FAF2003211C9 /* md MergerTests.xctest */;
			productType = "com.apple.product-type.bundle.unit-test";
		};
		64B797982DF1FAF2003211C9 /* md MergerUITests */ = {
			isa = PBXNativeTarget;
			buildConfigurationList = 64B797AA2DF1FAF2003211C9 /* Build configuration list for PBXNativeTarget "md MergerUITests" */;
			buildPhases = (
				64B797952DF1FAF2003211C9 /* Sources */,
				64B797962DF1FAF2003211C9 /* Frameworks */,
				64B797972DF1FAF2003211C9 /* Resources */,
			);
			buildRules = (
			);
			dependencies = (
				64B7979B2DF1FAF2003211C9 /* PBXTargetDependency */,
			);
			fileSystemSynchronizedGroups = (
				64B7979C2DF1FAF2003211C9 /* md MergerUITests */,
			);
			name = "md MergerUITests";
			packageProductDependencies = (
			);
			productName = "md MergerUITests";
			productReference = 64B797992DF1FAF2003211C9 /* md MergerUITests.xctest */;
			productType = "com.apple.product-type.bundle.ui-testing";
		};
/* End PBXNativeTarget section */

/* Begin PBXProject section */
		64B797762DF1FAF1003211C9 /* Project object */ = {
			isa = PBXProject;
			attributes = {
				BuildIndependentTargetsInParallel = 1;
				LastSwiftUpdateCheck = 1640;
				LastUpgradeCheck = 1640;
				TargetAttributes = {
					64B7977D2DF1FAF1003211C9 = {
						CreatedOnToolsVersion = 16.4;
					};
					64B7978E2DF1FAF2003211C9 = {
						CreatedOnToolsVersion = 16.4;
						TestTargetID = 64B7977D2DF1FAF1003211C9;
					};
					64B797982DF1FAF2003211C9 = {
						CreatedOnToolsVersion = 16.4;
						TestTargetID = 64B7977D2DF1FAF1003211C9;
					};
				};
			};
			buildConfigurationList = 64B797792DF1FAF1003211C9 /* Build configuration list for PBXProject "md Merger" */;
			developmentRegion = en;
			hasScannedForEncodings = 0;
			knownRegions = (
				en,
				Base,
			);
			mainGroup = 64B797752DF1FAF1003211C9;
			minimizedProjectReferenceProxies = 1;
			preferredProjectObjectVersion = 77;
			productRefGroup = 64B7977F2DF1FAF1003211C9 /* Products */;
			projectDirPath = "";
			projectRoot = "";
			targets = (
				64B7977D2DF1FAF1003211C9 /* md Merger */,
				64B7978E2DF1FAF2003211C9 /* md MergerTests */,
				64B797982DF1FAF2003211C9 /* md MergerUITests */,
			);
		};
/* End PBXProject section */

/* Begin PBXResourcesBuildPhase section */
		64B7977C2DF1FAF1003211C9 /* Resources */ = {
			isa = PBXResourcesBuildPhase;
			buildActionMask = 2147483647;
			files = (
			);
			runOnlyForDeploymentPostprocessing = 0;
		};
		64B7978D2DF1FAF2003211C9 /* Resources */ = {
			isa = PBXResourcesBuildPhase;
			buildActionMask = 2147483647;
			files = (
			);
			runOnlyForDeploymentPostprocessing = 0;
		};
		64B797972DF1FAF2003211C9 /* Resources */ = {
			isa = PBXResourcesBuildPhase;
			buildActionMask = 2147483647;
			files = (
			);
			runOnlyForDeploymentPostprocessing = 0;
		};
/* End PBXResourcesBuildPhase section */

/* Begin PBXSourcesBuildPhase section */
		64B7977A2DF1FAF1003211C9 /* Sources */ = {
			isa = PBXSourcesBuildPhase;
			buildActionMask = 2147483647;
			files = (
			);
			runOnlyForDeploymentPostprocessing = 0;
		};
		64B7978B2DF1FAF2003211C9 /* Sources */ = {
			isa = PBXSourcesBuildPhase;
			buildActionMask = 2147483647;
			files = (
			);
			runOnlyForDeploymentPostprocessing = 0;
		};
		64B797952DF1FAF2003211C9 /* Sources */ = {
			isa = PBXSourcesBuildPhase;
			buildActionMask = 2147483647;
			files = (
			);
			runOnlyForDeploymentPostprocessing = 0;
		};
/* End PBXSourcesBuildPhase section */

/* Begin PBXTargetDependency section */
		64B797912DF1FAF2003211C9 /* PBXTargetDependency */ = {
			isa = PBXTargetDependency;
			target = 64B7977D2DF1FAF1003211C9 /* md Merger */;
			targetProxy = 64B797902DF1FAF2003211C9 /* PBXContainerItemProxy */;
		};
		64B7979B2DF1FAF2003211C9 /* PBXTargetDependency */ = {
			isa = PBXTargetDependency;
			target = 64B7977D2DF1FAF1003211C9 /* md Merger */;
			targetProxy = 64B7979A2DF1FAF2003211C9 /* PBXContainerItemProxy */;
		};
/* End PBXTargetDependency section */

/* Begin XCBuildConfiguration section */
		64B797A32DF1FAF2003211C9 /* Debug */ = {
			isa = XCBuildConfiguration;
			buildSettings = {
				ASSETCATALOG_COMPILER_APPICON_NAME = AppIcon;
				ASSETCATALOG_COMPILER_GLOBAL_ACCENT_COLOR_NAME = AccentColor;
				CODE_SIGN_ENTITLEMENTS = "md Merger/md_Merger.entitlements";
				CODE_SIGN_STYLE = Automatic;
				COMBINE_HIDPI_IMAGES = YES;
				CURRENT_PROJECT_VERSION = 1;
				DEVELOPMENT_TEAM = BPNSSW7ZAA;
				ENABLE_HARDENED_RUNTIME = YES;
				ENABLE_PREVIEWS = YES;
				GENERATE_INFOPLIST_FILE = YES;
				INFOPLIST_FILE = "md Merger/Info.plist";
				INFOPLIST_KEY_NSHumanReadableCopyright = "";
				LD_RUNPATH_SEARCH_PATHS = (
					"$(inherited)",
					"@executable_path/../Frameworks",
				);
				MARKETING_VERSION = 1.0;
				PRODUCT_BUNDLE_IDENTIFIER = "andrew.md-Merger";
				PRODUCT_NAME = "$(TARGET_NAME)";
				REGISTER_APP_GROUPS = YES;
				SWIFT_EMIT_LOC_STRINGS = YES;
				SWIFT_VERSION = 5.0;
			};
			name = Debug;
		};
		64B797A42DF1FAF2003211C9 /* Release */ = {
			isa = XCBuildConfiguration;
			buildSettings = {
				ASSETCATALOG_COMPILER_APPICON_NAME = AppIcon;
				ASSETCATALOG_COMPILER_GLOBAL_ACCENT_COLOR_NAME = AccentColor;
				CODE_SIGN_ENTITLEMENTS = "md Merger/md_Merger.entitlements";
				CODE_SIGN_STYLE = Automatic;
				COMBINE_HIDPI_IMAGES = YES;
				CURRENT_PROJECT_VERSION = 1;
				DEVELOPMENT_TEAM = BPNSSW7ZAA;
				ENABLE_HARDENED_RUNTIME = YES;
				ENABLE_PREVIEWS = YES;
				GENERATE_INFOPLIST_FILE = YES;
				INFOPLIST_FILE = "md Merger/Info.plist";
				INFOPLIST_KEY_NSHumanReadableCopyright = "";
				LD_RUNPATH_SEARCH_PATHS = (
					"$(inherited)",
					"@executable_path/../Frameworks",
				);
				MARKETING_VERSION = 1.0;
				PRODUCT_BUNDLE_IDENTIFIER = "andrew.md-Merger";
				PRODUCT_NAME = "$(TARGET_NAME)";
				REGISTER_APP_GROUPS = YES;
				SWIFT_EMIT_LOC_STRINGS = YES;
				SWIFT_VERSION = 5.0;
			};
			name = Release;
		};
		64B797A52DF1FAF2003211C9 /* Debug */ = {
			isa = XCBuildConfiguration;
			buildSettings = {
				ALWAYS_SEARCH_USER_PATHS = NO;
				ASSETCATALOG_COMPILER_GENERATE_SWIFT_ASSET_SYMBOL_EXTENSIONS = YES;
				CLANG_ANALYZER_NONNULL = YES;
				CLANG_ANALYZER_NUMBER_OBJECT_CONVERSION = YES_AGGRESSIVE;
				CLANG_CXX_LANGUAGE_STANDARD = "gnu++20";
				CLANG_ENABLE_MODULES = YES;
				CLANG_ENABLE_OBJC_ARC = YES;
				CLANG_ENABLE_OBJC_WEAK = YES;
				CLANG_WARN_BLOCK_CAPTURE_AUTORELEASING = YES;
				CLANG_WARN_BOOL_CONVERSION = YES;
				CLANG_WARN_COMMA = YES;
				CLANG_WARN_CONSTANT_CONVERSION = YES;
				CLANG_WARN_DEPRECATED_OBJC_IMPLEMENTATIONS = YES;
				CLANG_WARN_DIRECT_OBJC_ISA_USAGE = YES_ERROR;
				CLANG_WARN_DOCUMENTATION_COMMENTS = YES;
				CLANG_WARN_EMPTY_BODY = YES;
				CLANG_WARN_ENUM_CONVERSION = YES;
				CLANG_WARN_INFINITE_RECURSION = YES;
				CLANG_WARN_INT_CONVERSION = YES;
				CLANG_WARN_NON_LITERAL_NULL_CONVERSION = YES;
				CLANG_WARN_OBJC_IMPLICIT_RETAIN_SELF = YES;
				CLANG_WARN_OBJC_LITERAL_CONVERSION = YES;
				CLANG_WARN_OBJC_ROOT_CLASS = YES_ERROR;
				CLANG_WARN_QUOTED_INCLUDE_IN_FRAMEWORK_HEADER = YES;
				CLANG_WARN_RANGE_LOOP_ANALYSIS = YES;
				CLANG_WARN_STRICT_PROTOTYPES = YES;
				CLANG_WARN_SUSPICIOUS_MOVE = YES;
				CLANG_WARN_UNGUARDED_AVAILABILITY = YES_AGGRESSIVE;
				CLANG_WARN_UNREACHABLE_CODE = YES;
				CLANG_WARN__DUPLICATE_METHOD_MATCH = YES;
				COPY_PHASE_STRIP = NO;
				DEBUG_INFORMATION_FORMAT = dwarf;
				DEVELOPMENT_TEAM = BPNSSW7ZAA;
				ENABLE_STRICT_OBJC_MSGSEND = YES;
				ENABLE_TESTABILITY = YES;
				ENABLE_USER_SCRIPT_SANDBOXING = YES;
				GCC_C_LANGUAGE_STANDARD = gnu17;
				GCC_DYNAMIC_NO_PIC = NO;
				GCC_NO_COMMON_BLOCKS = YES;
				GCC_OPTIMIZATION_LEVEL = 0;
				GCC_PREPROCESSOR_DEFINITIONS = (
					"DEBUG=1",
					"$(inherited)",
				);
				GCC_WARN_64_TO_32_BIT_CONVERSION = YES;
				GCC_WARN_ABOUT_RETURN_TYPE = YES_ERROR;
				GCC_WARN_UNDECLARED_SELECTOR = YES;
				GCC_WARN_UNINITIALIZED_AUTOS = YES_AGGRESSIVE;
				GCC_WARN_UNUSED_FUNCTION = YES;
				GCC_WARN_UNUSED_VARIABLE = YES;
				LOCALIZATION_PREFERS_STRING_CATALOGS = YES;
				MACOSX_DEPLOYMENT_TARGET = 15.5;
				MTL_ENABLE_DEBUG_INFO = INCLUDE_SOURCE;
				MTL_FAST_MATH = YES;
				ONLY_ACTIVE_ARCH = YES;
				SDKROOT = macosx;
				SWIFT_ACTIVE_COMPILATION_CONDITIONS = "DEBUG $(inherited)";
				SWIFT_OPTIMIZATION_LEVEL = "-Onone";
			};
			name = Debug;
		};
		64B797A62DF1FAF2003211C9 /* Release */ = {
			isa = XCBuildConfiguration;
			buildSettings = {
				ALWAYS_SEARCH_USER_PATHS = NO;
				ASSETCATALOG_COMPILER_GENERATE_SWIFT_ASSET_SYMBOL_EXTENSIONS = YES;
				CLANG_ANALYZER_NONNULL = YES;
				CLANG_ANALYZER_NUMBER_OBJECT_CONVERSION = YES_AGGRESSIVE;
				CLANG_CXX_LANGUAGE_STANDARD = "gnu++20";
				CLANG_ENABLE_MODULES = YES;
				CLANG_ENABLE_OBJC_ARC = YES;
				CLANG_ENABLE_OBJC_WEAK = YES;
				CLANG_WARN_BLOCK_CAPTURE_AUTORELEASING = YES;
				CLANG_WARN_BOOL_CONVERSION = YES;
				CLANG_WARN_COMMA = YES;
				CLANG_WARN_CONSTANT_CONVERSION = YES;
				CLANG_WARN_DEPRECATED_OBJC_IMPLEMENTATIONS = YES;
				CLANG_WARN_DIRECT_OBJC_ISA_USAGE = YES_ERROR;
				CLANG_WARN_DOCUMENTATION_COMMENTS = YES;
				CLANG_WARN_EMPTY_BODY = YES;
				CLANG_WARN_ENUM_CONVERSION = YES;
				CLANG_WARN_INFINITE_RECURSION = YES;
				CLANG_WARN_INT_CONVERSION = YES;
				CLANG_WARN_NON_LITERAL_NULL_CONVERSION = YES;
				CLANG_WARN_OBJC_IMPLICIT_RETAIN_SELF = YES;
				CLANG_WARN_OBJC_LITERAL_CONVERSION = YES;
				CLANG_WARN_OBJC_ROOT_CLASS = YES_ERROR;
				CLANG_WARN_QUOTED_INCLUDE_IN_FRAMEWORK_HEADER = YES;
				CLANG_WARN_RANGE_LOOP_ANALYSIS = YES;
				CLANG_WARN_STRICT_PROTOTYPES = YES;
				CLANG_WARN_SUSPICIOUS_MOVE = YES;
				CLANG_WARN_UNGUARDED_AVAILABILITY = YES_AGGRESSIVE;
				CLANG_WARN_UNREACHABLE_CODE = YES;
				CLANG_WARN__DUPLICATE_METHOD_MATCH = YES;
				COPY_PHASE_STRIP = NO;
				DEBUG_INFORMATION_FORMAT = "dwarf-with-dsym";
				DEVELOPMENT_TEAM = BPNSSW7ZAA;
				ENABLE_NS_ASSERTIONS = NO;
				ENABLE_STRICT_OBJC_MSGSEND = YES;
				ENABLE_USER_SCRIPT_SANDBOXING = YES;
				GCC_C_LANGUAGE_STANDARD = gnu17;
				GCC_NO_COMMON_BLOCKS = YES;
				GCC_WARN_64_TO_32_BIT_CONVERSION = YES;
				GCC_WARN_ABOUT_RETURN_TYPE = YES_ERROR;
				GCC_WARN_UNDECLARED_SELECTOR = YES;
				GCC_WARN_UNINITIALIZED_AUTOS = YES_AGGRESSIVE;
				GCC_WARN_UNUSED_FUNCTION = YES;
				GCC_WARN_UNUSED_VARIABLE = YES;
				LOCALIZATION_PREFERS_STRING_CATALOGS = YES;
				MACOSX_DEPLOYMENT_TARGET = 15.5;
				MTL_ENABLE_DEBUG_INFO = NO;
				MTL_FAST_MATH = YES;
				SDKROOT = macosx;
				SWIFT_COMPILATION_MODE = wholemodule;
			};
			name = Release;
		};
		64B797A82DF1FAF2003211C9 /* Debug */ = {
			isa = XCBuildConfiguration;
			buildSettings = {
				BUNDLE_LOADER = "$(TEST_HOST)";
				CODE_SIGN_STYLE = Automatic;
				CURRENT_PROJECT_VERSION = 1;
				DEVELOPMENT_TEAM = BPNSSW7ZAA;
				GENERATE_INFOPLIST_FILE = YES;
				MACOSX_DEPLOYMENT_TARGET = 15.5;
				MARKETING_VERSION = 1.0;
				PRODUCT_BUNDLE_IDENTIFIER = "andrew.md-MergerTests";
				PRODUCT_NAME = "$(TARGET_NAME)";
				SWIFT_EMIT_LOC_STRINGS = NO;
				SWIFT_VERSION = 5.0;
				TEST_HOST = "$(BUILT_PRODUCTS_DIR)/md Merger.app/$(BUNDLE_EXECUTABLE_FOLDER_PATH)/md Merger";
			};
			name = Debug;
		};
		64B797A92DF1FAF2003211C9 /* Release */ = {
			isa = XCBuildConfiguration;
			buildSettings = {
				BUNDLE_LOADER = "$(TEST_HOST)";
				CODE_SIGN_STYLE = Automatic;
				CURRENT_PROJECT_VERSION = 1;
				DEVELOPMENT_TEAM = BPNSSW7ZAA;
				GENERATE_INFOPLIST_FILE = YES;
				MACOSX_DEPLOYMENT_TARGET = 15.5;
				MARKETING_VERSION = 1.0;
				PRODUCT_BUNDLE_IDENTIFIER = "andrew.md-MergerTests";
				PRODUCT_NAME = "$(TARGET_NAME)";
				SWIFT_EMIT_LOC_STRINGS = NO;
				SWIFT_VERSION = 5.0;
				TEST_HOST = "$(BUILT_PRODUCTS_DIR)/md Merger.app/$(BUNDLE_EXECUTABLE_FOLDER_PATH)/md Merger";
			};
			name = Release;
		};
		64B797AB2DF1FAF2003211C9 /* Debug */ = {
			isa = XCBuildConfiguration;
			buildSettings = {
				CODE_SIGN_STYLE = Automatic;
				CURRENT_PROJECT_VERSION = 1;
				DEVELOPMENT_TEAM = BPNSSW7ZAA;
				GENERATE_INFOPLIST_FILE = YES;
				MARKETING_VERSION = 1.0;
				PRODUCT_BUNDLE_IDENTIFIER = "andrew.md-MergerUITests";
				PRODUCT_NAME = "$(TARGET_NAME)";
				SWIFT_EMIT_LOC_STRINGS = NO;
				SWIFT_VERSION = 5.0;
				TEST_TARGET_NAME = "md Merger";
			};
			name = Debug;
		};
		64B797AC2DF1FAF2003211C9 /* Release */ = {
			isa = XCBuildConfiguration;
			buildSettings = {
				CODE_SIGN_STYLE = Automatic;
				CURRENT_PROJECT_VERSION = 1;
				DEVELOPMENT_TEAM = BPNSSW7ZAA;
				GENERATE_INFOPLIST_FILE = YES;
				MARKETING_VERSION = 1.0;
				PRODUCT_BUNDLE_IDENTIFIER = "andrew.md-MergerUITests";
				PRODUCT_NAME = "$(TARGET_NAME)";
				SWIFT_EMIT_LOC_STRINGS = NO;
				SWIFT_VERSION = 5.0;
				TEST_TARGET_NAME = "md Merger";
			};
			name = Release;
		};
/* End XCBuildConfiguration section */

/* Begin XCConfigurationList section */
		64B797792DF1FAF1003211C9 /* Build configuration list for PBXProject "md Merger" */ = {
			isa = XCConfigurationList;
			buildConfigurations = (
				64B797A52DF1FAF2003211C9 /* Debug */,
				64B797A62DF1FAF2003211C9 /* Release */,
			);
			defaultConfigurationIsVisible = 0;
			defaultConfigurationName = Release;
		};
		64B797A22DF1FAF2003211C9 /* Build configuration list for PBXNativeTarget "md Merger" */ = {
			isa = XCConfigurationList;
			buildConfigurations = (
				64B797A32DF1FAF2003211C9 /* Debug */,
				64B797A42DF1FAF2003211C9 /* Release */,
			);
			defaultConfigurationIsVisible = 0;
			defaultConfigurationName = Release;
		};
		64B797A72DF1FAF2003211C9 /* Build configuration list for PBXNativeTarget "md MergerTests" */ = {
			isa = XCConfigurationList;
			buildConfigurations = (
				64B797A82DF1FAF2003211C9 /* Debug */,
				64B797A92DF1FAF2003211C9 /* Release */,
			);
			defaultConfigurationIsVisible = 0;
			defaultConfigurationName = Release;
		};
		64B797AA2DF1FAF2003211C9 /* Build configuration list for PBXNativeTarget "md MergerUITests" */ = {
			isa = XCConfigurationList;
			buildConfigurations = (
				64B797AB2DF1FAF2003211C9 /* Debug */,
				64B797AC2DF1FAF2003211C9 /* Release */,
			);
			defaultConfigurationIsVisible = 0;
			defaultConfigurationName = Release;
		};
/* End XCConfigurationList section */
	};
	rootObject = 64B797762DF1FAF1003211C9 /* Project object */;
}
